
Microsoft Visual Studio Solution File, Format Version 12.00
# Visual Studio Version 16
VisualStudioVersion = 16.0.31702.278
MinimumVisualStudioVersion = 10.0.40219.1
Project("{9A19103F-16F7-4668-BE54-9A1E7A4F7556}") = "MVCJogos", "MVCJogos.csproj", "{01694DF8-2093-4B22-89CA-AEC2429F98E3}"
EndProject
Global
	GlobalSection(SolutionConfigurationPlatforms) = preSolution
		Debug|Any CPU = Debug|Any CPU
		Release|Any CPU = Release|Any CPU
	EndGlobalSection
	GlobalSection(ProjectConfigurationPlatforms) = postSolution
		{01694DF8-2093-4B22-89CA-AEC2429F98E3}.Debug|Any CPU.ActiveCfg = Debug|Any CPU
		{01694DF8-2093-4B22-89CA-AEC2429F98E3}.Debug|Any CPU.Build.0 = Debug|Any CPU
		{01694DF8-2093-4B22-89CA-AEC2429F98E3}.Release|Any CPU.ActiveCfg = Release|Any CPU
		{01694DF8-2093-4B22-89CA-AEC2429F98E3}.Release|Any CPU.Build.0 = Release|Any CPU
	EndGlobalSection
	GlobalSection(SolutionProperties) = preSolution
		HideSolutionNode = FALSE
	EndGlobalSection
	GlobalSection(ExtensibilityGlobals) = postSolution
		SolutionGuid = {A5E837EC-A654-403D-9602-9AB3EFDEE5BF}
	EndGlobalSection
EndGlobal
